// !$*UTF8*$!
{
	archiveVersion = 1;
	classes = {
	};
	objectVersion = 90;
	objects = {

/* Begin PBXBuildFile section */
		D6309AFC2E1CDC990063D4AF /* AlarmKit.framework in Frameworks */ = {isa = PBXBuildFile; fileRef = D6309AFB2E1CDC990063D4AF /* AlarmKit.framework */; };
		D67806F02E20CD8D008DFCA0 /* WidgetKit.framework in Frameworks */ = {isa = PBXBuildFile; fileRef = D63D02AC2E1C7C09004FFCBF /* WidgetKit.framework */; };
		D67806F12E20CD8D008DFCA0 /* SwiftUI.framework in Frameworks */ = {isa = PBXBuildFile; fileRef = D63D02AE2E1C7C09004FFCBF /* SwiftUI.framework */; };
		D67806FE2E20CD8F008DFCA0 /* AlarmLiveActivityExtension.appex in Embed Foundation Extensions */ = {isa = PBXBuildFile; fileRef = D67806EF2E20CD8D008DFCA0 /* AlarmLiveActivityExtension.appex */; settings = {ATTRIBUTES = (RemoveHeadersOnCopy, ); }; };
		D67807042E20CF50008DFCA0 /* AlarmKit.framework in Frameworks */ = {isa = PBXBuildFile; fileRef = D6309AFB2E1CDC990063D4AF /* AlarmKit.framework */; };
		D67807062E20CF55008DFCA0 /* ActivityKit.framework in Frameworks */ = {isa = PBXBuildFile; fileRef = D67807052E20CF55008DFCA0 /* ActivityKit.framework */; };
		D67F1B832E09C95500C7B85D /* Intents.framework in Frameworks */ = {isa = PBXBuildFile; fileRef = D67F1B822E09C95500C7B85D /* Intents.framework */; };
/* End PBXBuildFile section */

/* Begin PBXContainerItemProxy section */
		D65D9ACC2DFA509B0051945C /* PBXContainerItemProxy */ = {
			isa = PBXContainerItemProxy;
			containerPortal = D65D9AB52DFA50990051945C /* Project object */;
			proxyType = 1;
			remoteGlobalIDString = D65D9ABC2DFA50990051945C;
			remoteInfo = Todoo;
		};
		D65D9AD62DFA509B0051945C /* PBXContainerItemProxy */ = {
			isa = PBXContainerItemProxy;
			containerPortal = D65D9AB52DFA50990051945C /* Project object */;
			proxyType = 1;
			remoteGlobalIDString = D65D9ABC2DFA50990051945C;
			remoteInfo = Todoo;
		};
		D67806FC2E20CD8F008DFCA0 /* PBXContainerItemProxy */ = {
			isa = PBXContainerItemProxy;
			containerPortal = D65D9AB52DFA50990051945C /* Project object */;
			proxyType = 1;
			remoteGlobalIDString = D67806EE2E20CD8D008DFCA0;
			remoteInfo = AlarmLiveActivityExtension;
		};
/* End PBXContainerItemProxy section */

/* Begin PBXCopyFilesBuildPhase section */
		D67807032E20CD8F008DFCA0 /* Embed Foundation Extensions */ = {
			isa = PBXCopyFilesBuildPhase;
			dstPath = "";
			dstSubfolder = PlugIns;
			files = (
				D67806FE2E20CD8F008DFCA0 /* AlarmLiveActivityExtension.appex in Embed Foundation Extensions */,
			);
			name = "Embed Foundation Extensions";
		};
/* End PBXCopyFilesBuildPhase section */

/* Begin PBXFileReference section */
		D6309AFB2E1CDC990063D4AF /* AlarmKit.framework */ = {isa = PBXFileReference; lastKnownFileType = wrapper.framework; name = AlarmKit.framework; path = Platforms/iPhoneOS.platform/Developer/SDKs/iPhoneOS26.0.sdk/System/Library/Frameworks/AlarmKit.framework; sourceTree = DEVELOPER_DIR; };
		D63D02AC2E1C7C09004FFCBF /* WidgetKit.framework */ = {isa = PBXFileReference; lastKnownFileType = wrapper.framework; name = WidgetKit.framework; path = System/Library/Frameworks/WidgetKit.framework; sourceTree = SDKROOT; };
		D63D02AE2E1C7C09004FFCBF /* SwiftUI.framework */ = {isa = PBXFileReference; lastKnownFileType = wrapper.framework; name = SwiftUI.framework; path = System/Library/Frameworks/SwiftUI.framework; sourceTree = SDKROOT; };
		D6490E502E09B5B4006AB863 /* Intents.framework */ = {isa = PBXFileReference; lastKnownFileType = wrapper.framework; name = Intents.framework; path = System/Library/Frameworks/Intents.framework; sourceTree = SDKROOT; };
		D6490E5B2E09B5B4006AB863 /* IntentsUI.framework */ = {isa = PBXFileReference; lastKnownFileType = wrapper.framework; name = IntentsUI.framework; path = System/Library/Frameworks/IntentsUI.framework; sourceTree = SDKROOT; };
		D67806EF2E20CD8D008DFCA0 /* AlarmLiveActivityExtension.appex */ = {isa = PBXFileReference; explicitFileType = "wrapper.app-extension"; includeInIndex = 0; path = AlarmLiveActivityExtension.appex; sourceTree = BUILT_PRODUCTS_DIR; };
		D67807052E20CF55008DFCA0 /* ActivityKit.framework */ = {isa = PBXFileReference; lastKnownFileType = wrapper.framework; name = ActivityKit.framework; path = Platforms/iPhoneOS.platform/Developer/SDKs/iPhoneOS26.0.sdk/System/Library/Frameworks/ActivityKit.framework; sourceTree = DEVELOPER_DIR; };
		D67B009A2DFDE93700A7A3C9 /* Todoo.app */ = {isa = PBXFileReference; explicitFileType = wrapper.application; includeInIndex = 0; path = Todoo.app; sourceTree = BUILT_PRODUCTS_DIR; };
		D67B009B2DFDE93700A7A3C9 /* TodooTests.xctest */ = {isa = PBXFileReference; explicitFileType = wrapper.cfbundle; includeInIndex = 0; path = TodooTests.xctest; sourceTree = BUILT_PRODUCTS_DIR; };
		D67B009C2DFDE93700A7A3C9 /* TodooUITests.xctest */ = {isa = PBXFileReference; explicitFileType = wrapper.cfbundle; includeInIndex = 0; path = TodooUITests.xctest; sourceTree = BUILT_PRODUCTS_DIR; };
		D67F1B822E09C95500C7B85D /* Intents.framework */ = {isa = PBXFileReference; lastKnownFileType = wrapper.framework; name = Intents.framework; path = Platforms/iPhoneOS.platform/Developer/SDKs/iPhoneOS18.5.sdk/System/Library/Frameworks/Intents.framework; sourceTree = DEVELOPER_DIR; };
		D6C0C4B02E089B2200A20A5D /* AppIntents.framework */ = {isa = PBXFileReference; lastKnownFileType = wrapper.framework; name = AppIntents.framework; path = Platforms/iPhoneOS.platform/Developer/SDKs/iPhoneOS18.5.sdk/System/Library/Frameworks/AppIntents.framework; sourceTree = DEVELOPER_DIR; };
/* End PBXFileReference section */

/* Begin PBXFileSystemSynchronizedBuildFileExceptionSet section */
		D67807022E20CD8F008DFCA0 /* Exceptions for "AlarmLiveActivity" folder in "AlarmLiveActivityExtension" target */ = {
			isa = PBXFileSystemSynchronizedBuildFileExceptionSet;
			membershipExceptions = (
				Info.plist,
			);
			target = D67806EE2E20CD8D008DFCA0 /* AlarmLiveActivityExtension */;
		};
		D67807082E20D0D8008DFCA0 /* Exceptions for "Todoo" folder in "AlarmLiveActivityExtension" target */ = {
			isa = PBXFileSystemSynchronizedBuildFileExceptionSet;
			membershipExceptions = (
				Attributes/AlarmAttributes.swift,
				Intents/SnoozeAlarmIntent.swift,
				Intents/StopAlarmIntent.swift,
				Services/AlarmService.swift,
			);
			target = D67806EE2E20CD8D008DFCA0 /* AlarmLiveActivityExtension */;
		};
		D6C0C4AA2E0787D900A20A5D /* Exceptions for "Todoo" folder in "Todoo" target */ = {
			isa = PBXFileSystemSynchronizedBuildFileExceptionSet;
			membershipExceptions = (
				Info.plist,
			);
			target = D65D9ABC2DFA50990051945C /* Todoo */;
		};
/* End PBXFileSystemSynchronizedBuildFileExceptionSet section */

/* Begin PBXFileSystemSynchronizedRootGroup section */
		D65D9ABF2DFA50990051945C /* Todoo */ = {
			isa = PBXFileSystemSynchronizedRootGroup;
			exceptions = (
				D6C0C4AA2E0787D900A20A5D /* Exceptions for "Todoo" folder in "Todoo" target */,
				D67807082E20D0D8008DFCA0 /* Exceptions for "Todoo" folder in "AlarmLiveActivityExtension" target */,
			);
			path = Todoo;
			sourceTree = "<group>";
		};
		D67806F22E20CD8D008DFCA0 /* AlarmLiveActivity */ = {
			isa = PBXFileSystemSynchronizedRootGroup;
			exceptions = (
				D67807022E20CD8F008DFCA0 /* Exceptions for "AlarmLiveActivity" folder in "AlarmLiveActivityExtension" target */,
			);
			path = AlarmLiveActivity;
			sourceTree = "<group>";
		};
/* End PBXFileSystemSynchronizedRootGroup section */

/* Begin PBXFrameworksBuildPhase section */
		D65D9ABA2DFA50990051945C /* Frameworks */ = {
			isa = PBXFrameworksBuildPhase;
			files = (
				D67F1B832E09C95500C7B85D /* Intents.framework in Frameworks */,
				D6309AFC2E1CDC990063D4AF /* AlarmKit.framework in Frameworks */,
			);
		};
		D65D9AC82DFA509B0051945C /* Frameworks */ = {
			isa = PBXFrameworksBuildPhase;
			files = (
			);
		};
		D65D9AD22DFA509B0051945C /* Frameworks */ = {
			isa = PBXFrameworksBuildPhase;
			files = (
			);
		};
		D67806EC2E20CD8D008DFCA0 /* Frameworks */ = {
			isa = PBXFrameworksBuildPhase;
			files = (
				D67806F12E20CD8D008DFCA0 /* SwiftUI.framework in Frameworks */,
				D67806F02E20CD8D008DFCA0 /* WidgetKit.framework in Frameworks */,
				D67807062E20CF55008DFCA0 /* ActivityKit.framework in Frameworks */,
				D67807042E20CF50008DFCA0 /* AlarmKit.framework in Frameworks */,
			);
		};
/* End PBXFrameworksBuildPhase section */

/* Begin PBXGroup section */
		D65D9AB42DFA50990051945C = {
			isa = PBXGroup;
			children = (
				D65D9ABF2DFA50990051945C /* Todoo */,
				D67B009A2DFDE93700A7A3C9 /* Todoo.app */,
				D67B009B2DFDE93700A7A3C9 /* TodooTests.xctest */,
				D67B009C2DFDE93700A7A3C9 /* TodooUITests.xctest */,
				D67806F22E20CD8D008DFCA0 /* AlarmLiveActivity */,
				D6C0C4AF2E089B2200A20A5D /* Frameworks */,
				D67806EF2E20CD8D008DFCA0 /* AlarmLiveActivityExtension.appex */,
			);
			sourceTree = "<group>";
		};
		D6C0C4AF2E089B2200A20A5D /* Frameworks */ = {
			isa = PBXGroup;
			children = (
				D67807052E20CF55008DFCA0 /* ActivityKit.framework */,
				D6309AFB2E1CDC990063D4AF /* AlarmKit.framework */,
				D67F1B822E09C95500C7B85D /* Intents.framework */,
				D6C0C4B02E089B2200A20A5D /* AppIntents.framework */,
				D6490E502E09B5B4006AB863 /* Intents.framework */,
				D6490E5B2E09B5B4006AB863 /* IntentsUI.framework */,
				D63D02AC2E1C7C09004FFCBF /* WidgetKit.framework */,
				D63D02AE2E1C7C09004FFCBF /* SwiftUI.framework */,
			);
			name = Frameworks;
			sourceTree = "<group>";
		};
/* End PBXGroup section */

/* Begin PBXNativeTarget section */
		D65D9ABC2DFA50990051945C /* Todoo */ = {
			isa = PBXNativeTarget;
			buildConfigurationList = D65D9ADF2DFA509B0051945C /* Build configuration list for PBXNativeTarget "Todoo" */;
			buildPhases = (
				D65D9AB92DFA50990051945C /* Sources */,
				D65D9ABA2DFA50990051945C /* Frameworks */,
				D65D9ABB2DFA50990051945C /* Resources */,
				D67807032E20CD8F008DFCA0 /* Embed Foundation Extensions */,
			);
			buildRules = (
			);
			dependencies = (
				D67806FD2E20CD8F008DFCA0 /* PBXTargetDependency */,
			);
			fileSystemSynchronizedGroups = (
				D65D9ABF2DFA50990051945C /* Todoo */,
			);
			name = Todoo;
			productName = Todoo;
			productReference = D67B009A2DFDE93700A7A3C9 /* Todoo.app */;
			productType = "com.apple.product-type.application";
		};
		D65D9ACA2DFA509B0051945C /* TodooTests */ = {
			isa = PBXNativeTarget;
			buildConfigurationList = D65D9AE22DFA509B0051945C /* Build configuration list for PBXNativeTarget "TodooTests" */;
			buildPhases = (
				D65D9AC72DFA509B0051945C /* Sources */,
				D65D9AC82DFA509B0051945C /* Frameworks */,
				D65D9AC92DFA509B0051945C /* Resources */,
			);
			buildRules = (
			);
			dependencies = (
				D65D9ACD2DFA509B0051945C /* PBXTargetDependency */,
			);
			name = TodooTests;
			productName = TodooTests;
			productReference = D67B009B2DFDE93700A7A3C9 /* TodooTests.xctest */;
			productType = "com.apple.product-type.bundle.unit-test";
		};
		D65D9AD42DFA509B0051945C /* TodooUITests */ = {
			isa = PBXNativeTarget;
			buildConfigurationList = D65D9AE52DFA509B0051945C /* Build configuration list for PBXNativeTarget "TodooUITests" */;
			buildPhases = (
				D65D9AD12DFA509B0051945C /* Sources */,
				D65D9AD22DFA509B0051945C /* Frameworks */,
				D65D9AD32DFA509B0051945C /* Resources */,
			);
			buildRules = (
			);
			dependencies = (
				D65D9AD72DFA509B0051945C /* PBXTargetDependency */,
			);
			name = TodooUITests;
			productName = TodooUITests;
			productReference = D67B009C2DFDE93700A7A3C9 /* TodooUITests.xctest */;
			productType = "com.apple.product-type.bundle.ui-testing";
		};
		D67806EE2E20CD8D008DFCA0 /* AlarmLiveActivityExtension */ = {
			isa = PBXNativeTarget;
			buildConfigurationList = D67806FF2E20CD8F008DFCA0 /* Build configuration list for PBXNativeTarget "AlarmLiveActivityExtension" */;
			buildPhases = (
				D67806EB2E20CD8D008DFCA0 /* Sources */,
				D67806EC2E20CD8D008DFCA0 /* Frameworks */,
				D67806ED2E20CD8D008DFCA0 /* Resources */,
			);
			buildRules = (
			);
			fileSystemSynchronizedGroups = (
				D67806F22E20CD8D008DFCA0 /* AlarmLiveActivity */,
			);
			name = AlarmLiveActivityExtension;
			productName = AlarmLiveActivityExtension;
			productReference = D67806EF2E20CD8D008DFCA0 /* AlarmLiveActivityExtension.appex */;
			productType = "com.apple.product-type.app-extension";
		};
/* End PBXNativeTarget section */

/* Begin PBXProject section */
		D65D9AB52DFA50990051945C /* Project object */ = {
			isa = PBXProject;
			attributes = {
				BuildIndependentTargetsInParallel = 1;
				LastSwiftUpdateCheck = 2600;
				LastUpgradeCheck = 2600;
				TargetAttributes = {
					D65D9ABC2DFA50990051945C = {
						CreatedOnToolsVersion = 16.4;
					};
					D65D9ACA2DFA509B0051945C = {
						CreatedOnToolsVersion = 16.4;
						TestTargetID = D65D9ABC2DFA50990051945C;
					};
					D65D9AD42DFA509B0051945C = {
						CreatedOnToolsVersion = 16.4;
						TestTargetID = D65D9ABC2DFA50990051945C;
					};
					D67806EE2E20CD8D008DFCA0 = {
						CreatedOnToolsVersion = 26.0;
					};
				};
			};
			buildConfigurationList = D65D9AB82DFA50990051945C /* Build configuration list for PBXProject "Todoo" */;
			developmentRegion = en;
			hasScannedForEncodings = 0;
			knownRegions = (
				en,
				Base,
			);
			mainGroup = D65D9AB42DFA50990051945C;
			minimizedProjectReferenceProxies = 1;
			packageReferences = (
			);
			preferredProjectObjectVersion = 90;
			productRefGroup = D65D9AB42DFA50990051945C;
			projectDirPath = "";
			projectRoot = "";
			targets = (
				D65D9ABC2DFA50990051945C /* Todoo */,
				D65D9ACA2DFA509B0051945C /* TodooTests */,
				D65D9AD42DFA509B0051945C /* TodooUITests */,
				D67806EE2E20CD8D008DFCA0 /* AlarmLiveActivityExtension */,
			);
		};
/* End PBXProject section */

/* Begin PBXResourcesBuildPhase section */
		D65D9ABB2DFA50990051945C /* Resources */ = {
			isa = PBXResourcesBuildPhase;
			files = (
			);
		};
		D65D9AC92DFA509B0051945C /* Resources */ = {
			isa = PBXResourcesBuildPhase;
			files = (
			);
		};
		D65D9AD32DFA509B0051945C /* Resources */ = {
			isa = PBXResourcesBuildPhase;
			files = (
			);
		};
		D67806ED2E20CD8D008DFCA0 /* Resources */ = {
			isa = PBXResourcesBuildPhase;
			files = (
			);
		};
/* End PBXResourcesBuildPhase section */

/* Begin PBXSourcesBuildPhase section */
		D65D9AB92DFA50990051945C /* Sources */ = {
			isa = PBXSourcesBuildPhase;
			files = (
			);
		};
		D65D9AC72DFA509B0051945C /* Sources */ = {
			isa = PBXSourcesBuildPhase;
			files = (
			);
		};
		D65D9AD12DFA509B0051945C /* Sources */ = {
			isa = PBXSourcesBuildPhase;
			files = (
			);
		};
		D67806EB2E20CD8D008DFCA0 /* Sources */ = {
			isa = PBXSourcesBuildPhase;
			files = (
			);
		};
/* End PBXSourcesBuildPhase section */

/* Begin PBXTargetDependency section */
		D65D9ACD2DFA509B0051945C /* PBXTargetDependency */ = {
			isa = PBXTargetDependency;
			target = D65D9ABC2DFA50990051945C /* Todoo */;
			targetProxy = D65D9ACC2DFA509B0051945C /* PBXContainerItemProxy */;
		};
		D65D9AD72DFA509B0051945C /* PBXTargetDependency */ = {
			isa = PBXTargetDependency;
			target = D65D9ABC2DFA50990051945C /* Todoo */;
			targetProxy = D65D9AD62DFA509B0051945C /* PBXContainerItemProxy */;
		};
		D67806FD2E20CD8F008DFCA0 /* PBXTargetDependency */ = {
			isa = PBXTargetDependency;
			target = D67806EE2E20CD8D008DFCA0 /* AlarmLiveActivityExtension */;
			targetProxy = D67806FC2E20CD8F008DFCA0 /* PBXContainerItemProxy */;
		};
/* End PBXTargetDependency section */

/* Begin XCBuildConfiguration section */
		D65D9ADD2DFA509B0051945C /* Debug configuration for PBXProject "Todoo" */ = {
			isa = XCBuildConfiguration;
			buildSettings = {
				ALWAYS_SEARCH_USER_PATHS = NO;
				ASSETCATALOG_COMPILER_GENERATE_SWIFT_ASSET_SYMBOL_EXTENSIONS = YES;
				CLANG_ANALYZER_NONNULL = YES;
				CLANG_ANALYZER_NUMBER_OBJECT_CONVERSION = YES_AGGRESSIVE;
				CLANG_CXX_LANGUAGE_STANDARD = "gnu++20";
				CLANG_ENABLE_MODULES = YES;
				CLANG_ENABLE_OBJC_ARC = YES;
				CLANG_ENABLE_OBJC_WEAK = YES;
				CLANG_WARN_BLOCK_CAPTURE_AUTORELEASING = YES;
				CLANG_WARN_BOOL_CONVERSION = YES;
				CLANG_WARN_COMMA = YES;
				CLANG_WARN_CONSTANT_CONVERSION = YES;
				CLANG_WARN_DEPRECATED_OBJC_IMPLEMENTATIONS = YES;
				CLANG_WARN_DIRECT_OBJC_ISA_USAGE = YES_ERROR;
				CLANG_WARN_DOCUMENTATION_COMMENTS = YES;
				CLANG_WARN_EMPTY_BODY = YES;
				CLANG_WARN_ENUM_CONVERSION = YES;
				CLANG_WARN_INFINITE_RECURSION = YES;
				CLANG_WARN_INT_CONVERSION = YES;
				CLANG_WARN_NON_LITERAL_NULL_CONVERSION = YES;
				CLANG_WARN_OBJC_IMPLICIT_RETAIN_SELF = YES;
				CLANG_WARN_OBJC_LITERAL_CONVERSION = YES;
				CLANG_WARN_OBJC_ROOT_CLASS = YES_ERROR;
				CLANG_WARN_QUOTED_INCLUDE_IN_FRAMEWORK_HEADER = YES;
				CLANG_WARN_RANGE_LOOP_ANALYSIS = YES;
				CLANG_WARN_STRICT_PROTOTYPES = YES;
				CLANG_WARN_SUSPICIOUS_MOVE = YES;
				CLANG_WARN_UNGUARDED_AVAILABILITY = YES_AGGRESSIVE;
				CLANG_WARN_UNREACHABLE_CODE = YES;
				CLANG_WARN__DUPLICATE_METHOD_MATCH = YES;
				COPY_PHASE_STRIP = NO;
				DEAD_CODE_STRIPPING = YES;
				DEBUG_INFORMATION_FORMAT = dwarf;
				DEVELOPMENT_TEAM = 4GXVT3G2C4;
				ENABLE_STRICT_OBJC_MSGSEND = YES;
				ENABLE_TESTABILITY = YES;
				ENABLE_USER_SCRIPT_SANDBOXING = YES;
				GCC_C_LANGUAGE_STANDARD = gnu17;
				GCC_DYNAMIC_NO_PIC = NO;
				GCC_NO_COMMON_BLOCKS = YES;
				GCC_OPTIMIZATION_LEVEL = 0;
				GCC_PREPROCESSOR_DEFINITIONS = (
					"DEBUG=1",
					"$(inherited)",
				);
				GCC_WARN_64_TO_32_BIT_CONVERSION = YES;
				GCC_WARN_ABOUT_RETURN_TYPE = YES_ERROR;
				GCC_WARN_UNDECLARED_SELECTOR = YES;
				GCC_WARN_UNINITIALIZED_AUTOS = YES_AGGRESSIVE;
				GCC_WARN_UNUSED_FUNCTION = YES;
				GCC_WARN_UNUSED_VARIABLE = YES;
				LOCALIZATION_PREFERS_STRING_CATALOGS = YES;
				MTL_ENABLE_DEBUG_INFO = INCLUDE_SOURCE;
				MTL_FAST_MATH = YES;
				ONLY_ACTIVE_ARCH = YES;
				STRING_CATALOG_GENERATE_SYMBOLS = YES;
				SWIFT_ACTIVE_COMPILATION_CONDITIONS = "DEBUG $(inherited)";
				SWIFT_OPTIMIZATION_LEVEL = "-Onone";
			};
			name = Debug;
		};
		D65D9ADE2DFA509B0051945C /* Release configuration for PBXProject "Todoo" */ = {
			isa = XCBuildConfiguration;
			buildSettings = {
				ALWAYS_SEARCH_USER_PATHS = NO;
				ASSETCATALOG_COMPILER_GENERATE_SWIFT_ASSET_SYMBOL_EXTENSIONS = YES;
				CLANG_ANALYZER_NONNULL = YES;
				CLANG_ANALYZER_NUMBER_OBJECT_CONVERSION = YES_AGGRESSIVE;
				CLANG_CXX_LANGUAGE_STANDARD = "gnu++20";
				CLANG_ENABLE_MODULES = YES;
				CLANG_ENABLE_OBJC_ARC = YES;
				CLANG_ENABLE_OBJC_WEAK = YES;
				CLANG_WARN_BLOCK_CAPTURE_AUTORELEASING = YES;
				CLANG_WARN_BOOL_CONVERSION = YES;
				CLANG_WARN_COMMA = YES;
				CLANG_WARN_CONSTANT_CONVERSION = YES;
				CLANG_WARN_DEPRECATED_OBJC_IMPLEMENTATIONS = YES;
				CLANG_WARN_DIRECT_OBJC_ISA_USAGE = YES_ERROR;
				CLANG_WARN_DOCUMENTATION_COMMENTS = YES;
				CLANG_WARN_EMPTY_BODY = YES;
				CLANG_WARN_ENUM_CONVERSION = YES;
				CLANG_WARN_INFINITE_RECURSION = YES;
				CLANG_WARN_INT_CONVERSION = YES;
				CLANG_WARN_NON_LITERAL_NULL_CONVERSION = YES;
				CLANG_WARN_OBJC_IMPLICIT_RETAIN_SELF = YES;
				CLANG_WARN_OBJC_LITERAL_CONVERSION = YES;
				CLANG_WARN_OBJC_ROOT_CLASS = YES_ERROR;
				CLANG_WARN_QUOTED_INCLUDE_IN_FRAMEWORK_HEADER = YES;
				CLANG_WARN_RANGE_LOOP_ANALYSIS = YES;
				CLANG_WARN_STRICT_PROTOTYPES = YES;
				CLANG_WARN_SUSPICIOUS_MOVE = YES;
				CLANG_WARN_UNGUARDED_AVAILABILITY = YES_AGGRESSIVE;
				CLANG_WARN_UNREACHABLE_CODE = YES;
				CLANG_WARN__DUPLICATE_METHOD_MATCH = YES;
				COPY_PHASE_STRIP = NO;
				DEAD_CODE_STRIPPING = YES;
				DEBUG_INFORMATION_FORMAT = "dwarf-with-dsym";
				DEVELOPMENT_TEAM = 4GXVT3G2C4;
				ENABLE_NS_ASSERTIONS = NO;
				ENABLE_STRICT_OBJC_MSGSEND = YES;
				ENABLE_USER_SCRIPT_SANDBOXING = YES;
				GCC_C_LANGUAGE_STANDARD = gnu17;
				GCC_NO_COMMON_BLOCKS = YES;
				GCC_WARN_64_TO_32_BIT_CONVERSION = YES;
				GCC_WARN_ABOUT_RETURN_TYPE = YES_ERROR;
				GCC_WARN_UNDECLARED_SELECTOR = YES;
				GCC_WARN_UNINITIALIZED_AUTOS = YES_AGGRESSIVE;
				GCC_WARN_UNUSED_FUNCTION = YES;
				GCC_WARN_UNUSED_VARIABLE = YES;
				LOCALIZATION_PREFERS_STRING_CATALOGS = YES;
				MTL_ENABLE_DEBUG_INFO = NO;
				MTL_FAST_MATH = YES;
				STRING_CATALOG_GENERATE_SYMBOLS = YES;
				SWIFT_COMPILATION_MODE = wholemodule;
			};
			name = Release;
		};
		D65D9AE02DFA509B0051945C /* Debug configuration for PBXNativeTarget "Todoo" */ = {
			isa = XCBuildConfiguration;
			buildSettings = {
				ASSETCATALOG_COMPILER_APPICON_NAME = AppIcon;
				ASSETCATALOG_COMPILER_GLOBAL_ACCENT_COLOR_NAME = AccentColor;
				CODE_SIGN_ENTITLEMENTS = "";
				CODE_SIGN_STYLE = Automatic;
				CURRENT_PROJECT_VERSION = 1;
				DEVELOPMENT_TEAM = 4GXVT3G2C4;
				ENABLE_APP_SANDBOX = YES;
				ENABLE_HARDENED_RUNTIME = YES;
				ENABLE_PREVIEWS = YES;
				ENABLE_USER_SELECTED_FILES = readonly;
				GENERATE_INFOPLIST_FILE = YES;
				INFOPLIST_FILE = Todoo/Info.plist;
				INFOPLIST_KEY_NSSupportsLiveActivities = YES;
				INFOPLIST_KEY_UIApplicationSceneManifest_Generation = YES;
				"INFOPLIST_KEY_UIApplicationSceneManifest_Generation[sdk=iphoneos*]" = YES;
				"INFOPLIST_KEY_UIApplicationSceneManifest_Generation[sdk=iphonesimulator*]" = YES;
				INFOPLIST_KEY_UIApplicationSupportsIndirectInputEvents = YES;
				"INFOPLIST_KEY_UIApplicationSupportsIndirectInputEvents[sdk=iphoneos*]" = YES;
				"INFOPLIST_KEY_UIApplicationSupportsIndirectInputEvents[sdk=iphonesimulator*]" = YES;
				INFOPLIST_KEY_UILaunchScreen_Generation = YES;
				"INFOPLIST_KEY_UILaunchScreen_Generation[sdk=iphoneos*]" = YES;
				"INFOPLIST_KEY_UILaunchScreen_Generation[sdk=iphonesimulator*]" = YES;
				INFOPLIST_KEY_UIStatusBarStyle = UIStatusBarStyleDefault;
				"INFOPLIST_KEY_UIStatusBarStyle[sdk=iphoneos*]" = UIStatusBarStyleDefault;
				"INFOPLIST_KEY_UIStatusBarStyle[sdk=iphonesimulator*]" = UIStatusBarStyleDefault;
				INFOPLIST_KEY_UISupportedInterfaceOrientations_iPad = "UIInterfaceOrientationPortrait UIInterfaceOrientationPortraitUpsideDown UIInterfaceOrientationLandscapeLeft UIInterfaceOrientationLandscapeRight";
				INFOPLIST_KEY_UISupportedInterfaceOrientations_iPhone = "UIInterfaceOrientationPortrait UIInterfaceOrientationLandscapeLeft UIInterfaceOrientationLandscapeRight";
				IPHONEOS_DEPLOYMENT_TARGET = 26.0;
				LD_RUNPATH_SEARCH_PATHS = "@executable_path/Frameworks";
				"LD_RUNPATH_SEARCH_PATHS[sdk=macosx*]" = "@executable_path/../Frameworks";
				MACOSX_DEPLOYMENT_TARGET = 15.5;
				MARKETING_VERSION = 1.0;
				PRODUCT_BUNDLE_IDENTIFIER = com.Fabrizio.Todoo;
				PRODUCT_NAME = "$(TARGET_NAME)";
				REGISTER_APP_GROUPS = YES;
				SDKROOT = iphoneos;
				SUPPORTED_PLATFORMS = "iphoneos iphonesimulator";
				SUPPORTS_MACCATALYST = NO;
				SWIFT_EMIT_LOC_STRINGS = YES;
				SWIFT_VERSION = 5.0;
				TARGETED_DEVICE_FAMILY = "1,2";
				XROS_DEPLOYMENT_TARGET = 2.5;
			};
			name = Debug;
		};
		D65D9AE12DFA509B0051945C /* Release configuration for PBXNativeTarget "Todoo" */ = {
			isa = XCBuildConfiguration;
			buildSettings = {
				ASSETCATALOG_COMPILER_APPICON_NAME = AppIcon;
				ASSETCATALOG_COMPILER_GLOBAL_ACCENT_COLOR_NAME = AccentColor;
				CODE_SIGN_ENTITLEMENTS = "";
				CODE_SIGN_STYLE = Automatic;
				CURRENT_PROJECT_VERSION = 1;
				DEVELOPMENT_TEAM = 4GXVT3G2C4;
				ENABLE_APP_SANDBOX = YES;
				ENABLE_HARDENED_RUNTIME = YES;
				ENABLE_PREVIEWS = YES;
				ENABLE_USER_SELECTED_FILES = readonly;
				GENERATE_INFOPLIST_FILE = YES;
				INFOPLIST_FILE = Todoo/Info.plist;
				INFOPLIST_KEY_NSSupportsLiveActivities = YES;
				INFOPLIST_KEY_UIApplicationSceneManifest_Generation = YES;
				"INFOPLIST_KEY_UIApplicationSceneManifest_Generation[sdk=iphoneos*]" = YES;
				"INFOPLIST_KEY_UIApplicationSceneManifest_Generation[sdk=iphonesimulator*]" = YES;
				INFOPLIST_KEY_UIApplicationSupportsIndirectInputEvents = YES;
				"INFOPLIST_KEY_UIApplicationSupportsIndirectInputEvents[sdk=iphoneos*]" = YES;
				"INFOPLIST_KEY_UIApplicationSupportsIndirectInputEvents[sdk=iphonesimulator*]" = YES;
				INFOPLIST_KEY_UILaunchScreen_Generation = YES;
				"INFOPLIST_KEY_UILaunchScreen_Generation[sdk=iphoneos*]" = YES;
				"INFOPLIST_KEY_UILaunchScreen_Generation[sdk=iphonesimulator*]" = YES;
				INFOPLIST_KEY_UIStatusBarStyle = UIStatusBarStyleDefault;
				"INFOPLIST_KEY_UIStatusBarStyle[sdk=iphoneos*]" = UIStatusBarStyleDefault;
				"INFOPLIST_KEY_UIStatusBarStyle[sdk=iphonesimulator*]" = UIStatusBarStyleDefault;
				INFOPLIST_KEY_UISupportedInterfaceOrientations_iPad = "UIInterfaceOrientationPortrait UIInterfaceOrientationPortraitUpsideDown UIInterfaceOrientationLandscapeLeft UIInterfaceOrientationLandscapeRight";
				INFOPLIST_KEY_UISupportedInterfaceOrientations_iPhone = "UIInterfaceOrientationPortrait UIInterfaceOrientationLandscapeLeft UIInterfaceOrientationLandscapeRight";
				IPHONEOS_DEPLOYMENT_TARGET = 26.0;
				LD_RUNPATH_SEARCH_PATHS = "@executable_path/Frameworks";
				"LD_RUNPATH_SEARCH_PATHS[sdk=macosx*]" = "@executable_path/../Frameworks";
				MACOSX_DEPLOYMENT_TARGET = 15.5;
				MARKETING_VERSION = 1.0;
				PRODUCT_BUNDLE_IDENTIFIER = com.Fabrizio.Todoo;
				PRODUCT_NAME = "$(TARGET_NAME)";
				REGISTER_APP_GROUPS = YES;
				SDKROOT = iphoneos;
				SUPPORTED_PLATFORMS = "iphoneos iphonesimulator";
				SUPPORTS_MACCATALYST = NO;
				SWIFT_EMIT_LOC_STRINGS = YES;
				SWIFT_VERSION = 5.0;
				TARGETED_DEVICE_FAMILY = "1,2";
				XROS_DEPLOYMENT_TARGET = 2.5;
			};
			name = Release;
		};
		D65D9AE32DFA509B0051945C /* Debug configuration for PBXNativeTarget "TodooTests" */ = {
			isa = XCBuildConfiguration;
			buildSettings = {
				BUNDLE_LOADER = "$(TEST_HOST)";
				CODE_SIGN_STYLE = Automatic;
				CURRENT_PROJECT_VERSION = 1;
				DEAD_CODE_STRIPPING = YES;
				DEVELOPMENT_TEAM = 4GXVT3G2C4;
				GENERATE_INFOPLIST_FILE = YES;
				IPHONEOS_DEPLOYMENT_TARGET = 26.0;
				MACOSX_DEPLOYMENT_TARGET = 15.5;
				MARKETING_VERSION = 1.0;
				PRODUCT_BUNDLE_IDENTIFIER = com.Fabrizio.TodooTests;
				PRODUCT_NAME = "$(TARGET_NAME)";
				SDKROOT = auto;
				SUPPORTED_PLATFORMS = "iphoneos iphonesimulator macosx xros xrsimulator";
				SWIFT_EMIT_LOC_STRINGS = NO;
				SWIFT_VERSION = 5.0;
				TARGETED_DEVICE_FAMILY = "1,2,7";
				TEST_HOST = "$(BUILT_PRODUCTS_DIR)/Todoo.app/$(BUNDLE_EXECUTABLE_FOLDER_PATH)/Todoo";
				XROS_DEPLOYMENT_TARGET = 2.5;
			};
			name = Debug;
		};
		D65D9AE42DFA509B0051945C /* Release configuration for PBXNativeTarget "TodooTests" */ = {
			isa = XCBuildConfiguration;
			buildSettings = {
				BUNDLE_LOADER = "$(TEST_HOST)";
				CODE_SIGN_STYLE = Automatic;
				CURRENT_PROJECT_VERSION = 1;
				DEAD_CODE_STRIPPING = YES;
				DEVELOPMENT_TEAM = 4GXVT3G2C4;
				GENERATE_INFOPLIST_FILE = YES;
				IPHONEOS_DEPLOYMENT_TARGET = 26.0;
				MACOSX_DEPLOYMENT_TARGET = 15.5;
				MARKETING_VERSION = 1.0;
				PRODUCT_BUNDLE_IDENTIFIER = com.Fabrizio.TodooTests;
				PRODUCT_NAME = "$(TARGET_NAME)";
				SDKROOT = auto;
				SUPPORTED_PLATFORMS = "iphoneos iphonesimulator macosx xros xrsimulator";
				SWIFT_EMIT_LOC_STRINGS = NO;
				SWIFT_VERSION = 5.0;
				TARGETED_DEVICE_FAMILY = "1,2,7";
				TEST_HOST = "$(BUILT_PRODUCTS_DIR)/Todoo.app/$(BUNDLE_EXECUTABLE_FOLDER_PATH)/Todoo";
				XROS_DEPLOYMENT_TARGET = 2.5;
			};
			name = Release;
		};
		D65D9AE62DFA509B0051945C /* Debug configuration for PBXNativeTarget "TodooUITests" */ = {
			isa = XCBuildConfiguration;
			buildSettings = {
				CODE_SIGN_STYLE = Automatic;
				CURRENT_PROJECT_VERSION = 1;
				DEAD_CODE_STRIPPING = YES;
				DEVELOPMENT_TEAM = 4GXVT3G2C4;
				GENERATE_INFOPLIST_FILE = YES;
				IPHONEOS_DEPLOYMENT_TARGET = 26.0;
				MACOSX_DEPLOYMENT_TARGET = 15.5;
				MARKETING_VERSION = 1.0;
				PRODUCT_BUNDLE_IDENTIFIER = com.Fabrizio.TodooUITests;
				PRODUCT_NAME = "$(TARGET_NAME)";
				SDKROOT = auto;
				SUPPORTED_PLATFORMS = "iphoneos iphonesimulator macosx xros xrsimulator";
				SWIFT_EMIT_LOC_STRINGS = NO;
				SWIFT_VERSION = 5.0;
				TARGETED_DEVICE_FAMILY = "1,2,7";
				TEST_TARGET_NAME = Todoo;
				XROS_DEPLOYMENT_TARGET = 2.5;
			};
			name = Debug;
		};
		D65D9AE72DFA509B0051945C /* Release configuration for PBXNativeTarget "TodooUITests" */ = {
			isa = XCBuildConfiguration;
			buildSettings = {
				CODE_SIGN_STYLE = Automatic;
				CURRENT_PROJECT_VERSION = 1;
				DEAD_CODE_STRIPPING = YES;
				DEVELOPMENT_TEAM = 4GXVT3G2C4;
				GENERATE_INFOPLIST_FILE = YES;
				IPHONEOS_DEPLOYMENT_TARGET = 26.0;
				MACOSX_DEPLOYMENT_TARGET = 15.5;
				MARKETING_VERSION = 1.0;
				PRODUCT_BUNDLE_IDENTIFIER = com.Fabrizio.TodooUITests;
				PRODUCT_NAME = "$(TARGET_NAME)";
				SDKROOT = auto;
				SUPPORTED_PLATFORMS = "iphoneos iphonesimulator macosx xros xrsimulator";
				SWIFT_EMIT_LOC_STRINGS = NO;
				SWIFT_VERSION = 5.0;
				TARGETED_DEVICE_FAMILY = "1,2,7";
				TEST_TARGET_NAME = Todoo;
				XROS_DEPLOYMENT_TARGET = 2.5;
			};
			name = Release;
		};
		D67807002E20CD8F008DFCA0 /* Debug configuration for PBXNativeTarget "AlarmLiveActivityExtension" */ = {
			isa = XCBuildConfiguration;
			buildSettings = {
				ASSETCATALOG_COMPILER_GLOBAL_ACCENT_COLOR_NAME = AccentColor;
				ASSETCATALOG_COMPILER_WIDGET_BACKGROUND_COLOR_NAME = WidgetBackground;
				CODE_SIGN_STYLE = Automatic;
				CURRENT_PROJECT_VERSION = 1;
				DEVELOPMENT_TEAM = 4GXVT3G2C4;
				GENERATE_INFOPLIST_FILE = YES;
				INFOPLIST_FILE = AlarmLiveActivity/Info.plist;
				INFOPLIST_KEY_CFBundleDisplayName = AlarmLiveActivity;
				INFOPLIST_KEY_NSHumanReadableCopyright = "";
				IPHONEOS_DEPLOYMENT_TARGET = 26.0;
				LD_RUNPATH_SEARCH_PATHS = (
					"$(inherited)",
					"@executable_path/Frameworks",
					"@executable_path/../../Frameworks",
				);
				MARKETING_VERSION = 1.0;
				PRODUCT_BUNDLE_IDENTIFIER = com.Fabrizio.Todoo.AlarmLiveActivity;
				PRODUCT_NAME = "$(TARGET_NAME)";
				SDKROOT = iphoneos;
				SKIP_INSTALL = YES;
				STRING_CATALOG_GENERATE_SYMBOLS = YES;
				SWIFT_EMIT_LOC_STRINGS = YES;
				SWIFT_UPCOMING_FEATURE_MEMBER_IMPORT_VISIBILITY = YES;
				SWIFT_VERSION = 5.0;
				TARGETED_DEVICE_FAMILY = "1,2";
			};
			name = Debug;
		};
		D67807012E20CD8F008DFCA0 /* Release configuration for PBXNativeTarget "AlarmLiveActivityExtension" */ = {
			isa = XCBuildConfiguration;
			buildSettings = {
				ASSETCATALOG_COMPILER_GLOBAL_ACCENT_COLOR_NAME = AccentColor;
				ASSETCATALOG_COMPILER_WIDGET_BACKGROUND_COLOR_NAME = WidgetBackground;
				CODE_SIGN_STYLE = Automatic;
				CURRENT_PROJECT_VERSION = 1;
				DEVELOPMENT_TEAM = 4GXVT3G2C4;
				GENERATE_INFOPLIST_FILE = YES;
				INFOPLIST_FILE = AlarmLiveActivity/Info.plist;
				INFOPLIST_KEY_CFBundleDisplayName = AlarmLiveActivity;
				INFOPLIST_KEY_NSHumanReadableCopyright = "";
				IPHONEOS_DEPLOYMENT_TARGET = 26.0;
				LD_RUNPATH_SEARCH_PATHS = (
					"$(inherited)",
					"@executable_path/Frameworks",
					"@executable_path/../../Frameworks",
				);
				MARKETING_VERSION = 1.0;
				PRODUCT_BUNDLE_IDENTIFIER = com.Fabrizio.Todoo.AlarmLiveActivity;
				PRODUCT_NAME = "$(TARGET_NAME)";
				SDKROOT = iphoneos;
				SKIP_INSTALL = YES;
				STRING_CATALOG_GENERATE_SYMBOLS = YES;
				SWIFT_EMIT_LOC_STRINGS = YES;
				SWIFT_UPCOMING_FEATURE_MEMBER_IMPORT_VISIBILITY = YES;
				SWIFT_VERSION = 5.0;
				TARGETED_DEVICE_FAMILY = "1,2";
				VALIDATE_PRODUCT = YES;
			};
			name = Release;
		};
/* End XCBuildConfiguration section */

/* Begin XCConfigurationList section */
		D65D9AB82DFA50990051945C /* Build configuration list for PBXProject "Todoo" */ = {
			isa = XCConfigurationList;
			buildConfigurations = (
				D65D9ADD2DFA509B0051945C /* Debug configuration for PBXProject "Todoo" */,
				D65D9ADE2DFA509B0051945C /* Release configuration for PBXProject "Todoo" */,
			);
			defaultConfigurationName = Release;
		};
		D65D9ADF2DFA509B0051945C /* Build configuration list for PBXNativeTarget "Todoo" */ = {
			isa = XCConfigurationList;
			buildConfigurations = (
				D65D9AE02DFA509B0051945C /* Debug configuration for PBXNativeTarget "Todoo" */,
				D65D9AE12DFA509B0051945C /* Release configuration for PBXNativeTarget "Todoo" */,
			);
			defaultConfigurationName = Release;
		};
		D65D9AE22DFA509B0051945C /* Build configuration list for PBXNativeTarget "TodooTests" */ = {
			isa = XCConfigurationList;
			buildConfigurations = (
				D65D9AE32DFA509B0051945C /* Debug configuration for PBXNativeTarget "TodooTests" */,
				D65D9AE42DFA509B0051945C /* Release configuration for PBXNativeTarget "TodooTests" */,
			);
			defaultConfigurationName = Release;
		};
		D65D9AE52DFA509B0051945C /* Build configuration list for PBXNativeTarget "TodooUITests" */ = {
			isa = XCConfigurationList;
			buildConfigurations = (
				D65D9AE62DFA509B0051945C /* Debug configuration for PBXNativeTarget "TodooUITests" */,
				D65D9AE72DFA509B0051945C /* Release configuration for PBXNativeTarget "TodooUITests" */,
			);
			defaultConfigurationName = Release;
		};
		D67806FF2E20CD8F008DFCA0 /* Build configuration list for PBXNativeTarget "AlarmLiveActivityExtension" */ = {
			isa = XCConfigurationList;
			buildConfigurations = (
				D67807002E20CD8F008DFCA0 /* Debug configuration for PBXNativeTarget "AlarmLiveActivityExtension" */,
				D67807012E20CD8F008DFCA0 /* Release configuration for PBXNativeTarget "AlarmLiveActivityExtension" */,
			);
			defaultConfigurationName = Release;
		};
/* End XCConfigurationList section */
	};
	rootObject = D65D9AB52DFA50990051945C /* Project object */;
}
